
Microsoft Visual Studio Solution File, Format Version 12.00
# Visual Studio Version 16
VisualStudioVersion = 16.0.30711.63
MinimumVisualStudioVersion = 10.0.40219.1
Project("{FAE04EC0-301F-11D3-BF4B-00C04F79EFBC}") = "T04Horario1", "T04Horario1.csproj", "{3B176575-574D-4C01-A271-E01B08A2CDA6}"
EndProject
Global
	GlobalSection(SolutionConfigurationPlatforms) = preSolution
		Debug|Any CPU = Debug|Any CPU
		Release|Any CPU = Release|Any CPU
	EndGlobalSection
	GlobalSection(ProjectConfigurationPlatforms) = postSolution
		{3B176575-574D-4C01-A271-E01B08A2CDA6}.Debug|Any CPU.ActiveCfg = Debug|Any CPU
		{3B176575-574D-4C01-A271-E01B08A2CDA6}.Debug|Any CPU.Build.0 = Debug|Any CPU
		{3B176575-574D-4C01-A271-E01B08A2CDA6}.Release|Any CPU.ActiveCfg = Release|Any CPU
		{3B176575-574D-4C01-A271-E01B08A2CDA6}.Release|Any CPU.Build.0 = Release|Any CPU
	EndGlobalSection
	GlobalSection(SolutionProperties) = preSolution
		HideSolutionNode = FALSE
	EndGlobalSection
	GlobalSection(ExtensibilityGlobals) = postSolution
		SolutionGuid = {E714D303-4D9A-405C-8610-0DA9F119C813}
	EndGlobalSection
EndGlobal
